// !$*UTF8*$!
{
	archiveVersion = 1;
	classes = {
	};
	objectVersion = 55;
	objects = {

/* Begin PBXBuildFile section */
		BA92D9A528004A75004E22CC /* AppDelegate.swift in Sources */ = {isa = PBXBuildFile; fileRef = BA92D9A428004A75004E22CC /* AppDelegate.swift */; };
		BA92D9A728004A75004E22CC /* SceneDelegate.swift in Sources */ = {isa = PBXBuildFile; fileRef = BA92D9A628004A75004E22CC /* SceneDelegate.swift */; };
		BA92D9AC28004A75004E22CC /* Main.storyboard in Resources */ = {isa = PBXBuildFile; fileRef = BA92D9AA28004A75004E22CC /* Main.storyboard */; };
		BA92D9AE28004A76004E22CC /* Assets.xcassets in Resources */ = {isa = PBXBuildFile; fileRef = BA92D9AD28004A76004E22CC /* Assets.xcassets */; };
		BA92D9B128004A76004E22CC /* LaunchScreen.storyboard in Resources */ = {isa = PBXBuildFile; fileRef = BA92D9AF28004A76004E22CC /* LaunchScreen.storyboard */; };
		BA92D9BE28004B50004E22CC /* WebService.swift in Sources */ = {isa = PBXBuildFile; fileRef = BA92D9BD28004B50004E22CC /* WebService.swift */; };
		BA92D9C028004EFF004E22CC /* RickAndMortyModel.swift in Sources */ = {isa = PBXBuildFile; fileRef = BA92D9BF28004EFF004E22CC /* RickAndMortyModel.swift */; };
		BA92D9C228004F95004E22CC /* HomeVC.swift in Sources */ = {isa = PBXBuildFile; fileRef = BA92D9C128004F94004E22CC /* HomeVC.swift */; };
		BA92D9C4280057DC004E22CC /* NewsModel.swift in Sources */ = {isa = PBXBuildFile; fileRef = BA92D9C3280057DC004E22CC /* NewsModel.swift */; };
		BA92D9C628005935004E22CC /* CryptoModel.swift in Sources */ = {isa = PBXBuildFile; fileRef = BA92D9C528005935004E22CC /* CryptoModel.swift */; };
		BA92D9CE28006321004E22CC /* ListVC.swift in Sources */ = {isa = PBXBuildFile; fileRef = BA92D9CD28006321004E22CC /* ListVC.swift */; };
		BA92D9D0280063DF004E22CC /* ListViewModel.swift in Sources */ = {isa = PBXBuildFile; fileRef = BA92D9CF280063DF004E22CC /* ListViewModel.swift */; };
/* End PBXBuildFile section */

/* Begin PBXFileReference section */
		BA92D9A128004A75004E22CC /* Generic Network Layer App.app */ = {isa = PBXFileReference; explicitFileType = wrapper.application; includeInIndex = 0; path = "Generic Network Layer App.app"; sourceTree = BUILT_PRODUCTS_DIR; };
		BA92D9A428004A75004E22CC /* AppDelegate.swift */ = {isa = PBXFileReference; lastKnownFileType = sourcecode.swift; path = AppDelegate.swift; sourceTree = "<group>"; };
		BA92D9A628004A75004E22CC /* SceneDelegate.swift */ = {isa = PBXFileReference; lastKnownFileType = sourcecode.swift; path = SceneDelegate.swift; sourceTree = "<group>"; };
		BA92D9AB28004A75004E22CC /* Base */ = {isa = PBXFileReference; lastKnownFileType = file.storyboard; name = Base; path = Base.lproj/Main.storyboard; sourceTree = "<group>"; };
		BA92D9AD28004A76004E22CC /* Assets.xcassets */ = {isa = PBXFileReference; lastKnownFileType = folder.assetcatalog; path = Assets.xcassets; sourceTree = "<group>"; };
		BA92D9B028004A76004E22CC /* Base */ = {isa = PBXFileReference; lastKnownFileType = file.storyboard; name = Base; path = Base.lproj/LaunchScreen.storyboard; sourceTree = "<group>"; };
		BA92D9B228004A76004E22CC /* Info.plist */ = {isa = PBXFileReference; lastKnownFileType = text.plist.xml; path = Info.plist; sourceTree = "<group>"; };
		BA92D9BD28004B50004E22CC /* WebService.swift */ = {isa = PBXFileReference; lastKnownFileType = sourcecode.swift; path = WebService.swift; sourceTree = "<group>"; };
		BA92D9BF28004EFF004E22CC /* RickAndMortyModel.swift */ = {isa = PBXFileReference; lastKnownFileType = sourcecode.swift; path = RickAndMortyModel.swift; sourceTree = "<group>"; };
		BA92D9C128004F94004E22CC /* HomeVC.swift */ = {isa = PBXFileReference; lastKnownFileType = sourcecode.swift; path = HomeVC.swift; sourceTree = "<group>"; };
		BA92D9C3280057DC004E22CC /* NewsModel.swift */ = {isa = PBXFileReference; lastKnownFileType = sourcecode.swift; path = NewsModel.swift; sourceTree = "<group>"; };
		BA92D9C528005935004E22CC /* CryptoModel.swift */ = {isa = PBXFileReference; lastKnownFileType = sourcecode.swift; path = CryptoModel.swift; sourceTree = "<group>"; };
		BA92D9CD28006321004E22CC /* ListVC.swift */ = {isa = PBXFileReference; lastKnownFileType = sourcecode.swift; path = ListVC.swift; sourceTree = "<group>"; };
		BA92D9CF280063DF004E22CC /* ListViewModel.swift */ = {isa = PBXFileReference; lastKnownFileType = sourcecode.swift; path = ListViewModel.swift; sourceTree = "<group>"; };
/* End PBXFileReference section */

/* Begin PBXFrameworksBuildPhase section */
		BA92D99E28004A75004E22CC /* Frameworks */ = {
			isa = PBXFrameworksBuildPhase;
			buildActionMask = 2147483647;
			files = (
			);
			runOnlyForDeploymentPostprocessing = 0;
		};
/* End PBXFrameworksBuildPhase section */

/* Begin PBXGroup section */
		BA92D99828004A75004E22CC = {
			isa = PBXGroup;
			children = (
				BA92D9A328004A75004E22CC /* Generic Network Layer App */,
				BA92D9A228004A75004E22CC /* Products */,
			);
			sourceTree = "<group>";
		};
		BA92D9A228004A75004E22CC /* Products */ = {
			isa = PBXGroup;
			children = (
				BA92D9A128004A75004E22CC /* Generic Network Layer App.app */,
			);
			name = Products;
			sourceTree = "<group>";
		};
		BA92D9A328004A75004E22CC /* Generic Network Layer App */ = {
			isa = PBXGroup;
			children = (
				BA92D9BC28004AD1004E22CC /* App */,
				BA92D9BB28004AC9004E22CC /* Service */,
				BA92D9BA28004ABF004E22CC /* Model */,
				BA92D9B928004A8B004E22CC /* ViewModel */,
				BA92D9B828004A86004E22CC /* View */,
				BA92D9AD28004A76004E22CC /* Assets.xcassets */,
				BA92D9AF28004A76004E22CC /* LaunchScreen.storyboard */,
			);
			path = "Generic Network Layer App";
			sourceTree = "<group>";
		};
		BA92D9B828004A86004E22CC /* View */ = {
			isa = PBXGroup;
			children = (
				BA92D9AA28004A75004E22CC /* Main.storyboard */,
				BA92D9C128004F94004E22CC /* HomeVC.swift */,
				BA92D9CD28006321004E22CC /* ListVC.swift */,
			);
			path = View;
			sourceTree = "<group>";
		};
		BA92D9B928004A8B004E22CC /* ViewModel */ = {
			isa = PBXGroup;
			children = (
				BA92D9CF280063DF004E22CC /* ListViewModel.swift */,
			);
			path = ViewModel;
			sourceTree = "<group>";
		};
		BA92D9BA28004ABF004E22CC /* Model */ = {
			isa = PBXGroup;
			children = (
				BA92D9BF28004EFF004E22CC /* RickAndMortyModel.swift */,
				BA92D9C3280057DC004E22CC /* NewsModel.swift */,
				BA92D9C528005935004E22CC /* CryptoModel.swift */,
			);
			path = Model;
			sourceTree = "<group>";
		};
		BA92D9BB28004AC9004E22CC /* Service */ = {
			isa = PBXGroup;
			children = (
				BA92D9BD28004B50004E22CC /* WebService.swift */,
			);
			path = Service;
			sourceTree = "<group>";
		};
		BA92D9BC28004AD1004E22CC /* App */ = {
			isa = PBXGroup;
			children = (
				BA92D9A428004A75004E22CC /* AppDelegate.swift */,
				BA92D9A628004A75004E22CC /* SceneDelegate.swift */,
				BA92D9B228004A76004E22CC /* Info.plist */,
			);
			path = App;
			sourceTree = "<group>";
		};
/* End PBXGroup section */

/* Begin PBXNativeTarget section */
		BA92D9A028004A75004E22CC /* Generic Network Layer App */ = {
			isa = PBXNativeTarget;
			buildConfigurationList = BA92D9B528004A76004E22CC /* Build configuration list for PBXNativeTarget "Generic Network Layer App" */;
			buildPhases = (
				BA92D99D28004A75004E22CC /* Sources */,
				BA92D99E28004A75004E22CC /* Frameworks */,
				BA92D99F28004A75004E22CC /* Resources */,
			);
			buildRules = (
			);
			dependencies = (
			);
			name = "Generic Network Layer App";
			productName = "Generic Network Layer App";
			productReference = BA92D9A128004A75004E22CC /* Generic Network Layer App.app */;
			productType = "com.apple.product-type.application";
		};
/* End PBXNativeTarget section */

/* Begin PBXProject section */
		BA92D99928004A75004E22CC /* Project object */ = {
			isa = PBXProject;
			attributes = {
				BuildIndependentTargetsInParallel = 1;
				LastSwiftUpdateCheck = 1320;
				LastUpgradeCheck = 1320;
				TargetAttributes = {
					BA92D9A028004A75004E22CC = {
						CreatedOnToolsVersion = 13.2.1;
					};
				};
			};
			buildConfigurationList = BA92D99C28004A75004E22CC /* Build configuration list for PBXProject "Generic Network Layer App" */;
			compatibilityVersion = "Xcode 13.0";
			developmentRegion = en;
			hasScannedForEncodings = 0;
			knownRegions = (
				en,
				Base,
			);
			mainGroup = BA92D99828004A75004E22CC;
			productRefGroup = BA92D9A228004A75004E22CC /* Products */;
			projectDirPath = "";
			projectRoot = "";
			targets = (
				BA92D9A028004A75004E22CC /* Generic Network Layer App */,
			);
		};
/* End PBXProject section */

/* Begin PBXResourcesBuildPhase section */
		BA92D99F28004A75004E22CC /* Resources */ = {
			isa = PBXResourcesBuildPhase;
			buildActionMask = 2147483647;
			files = (
				BA92D9B128004A76004E22CC /* LaunchScreen.storyboard in Resources */,
				BA92D9AE28004A76004E22CC /* Assets.xcassets in Resources */,
				BA92D9AC28004A75004E22CC /* Main.storyboard in Resources */,
			);
			runOnlyForDeploymentPostprocessing = 0;
		};
/* End PBXResourcesBuildPhase section */

/* Begin PBXSourcesBuildPhase section */
		BA92D99D28004A75004E22CC /* Sources */ = {
			isa = PBXSourcesBuildPhase;
			buildActionMask = 2147483647;
			files = (
				BA92D9C4280057DC004E22CC /* NewsModel.swift in Sources */,
				BA92D9CE28006321004E22CC /* ListVC.swift in Sources */,
				BA92D9BE28004B50004E22CC /* WebService.swift in Sources */,
				BA92D9C628005935004E22CC /* CryptoModel.swift in Sources */,
				BA92D9C228004F95004E22CC /* HomeVC.swift in Sources */,
				BA92D9D0280063DF004E22CC /* ListViewModel.swift in Sources */,
				BA92D9A528004A75004E22CC /* AppDelegate.swift in Sources */,
				BA92D9C028004EFF004E22CC /* RickAndMortyModel.swift in Sources */,
				BA92D9A728004A75004E22CC /* SceneDelegate.swift in Sources */,
			);
			runOnlyForDeploymentPostprocessing = 0;
		};
/* End PBXSourcesBuildPhase section */

/* Begin PBXVariantGroup section */
		BA92D9AA28004A75004E22CC /* Main.storyboard */ = {
			isa = PBXVariantGroup;
			children = (
				BA92D9AB28004A75004E22CC /* Base */,
			);
			name = Main.storyboard;
			sourceTree = "<group>";
		};
		BA92D9AF28004A76004E22CC /* LaunchScreen.storyboard */ = {
			isa = PBXVariantGroup;
			children = (
				BA92D9B028004A76004E22CC /* Base */,
			);
			name = LaunchScreen.storyboard;
			sourceTree = "<group>";
		};
/* End PBXVariantGroup section */

/* Begin XCBuildConfiguration section */
		BA92D9B328004A76004E22CC /* Debug */ = {
			isa = XCBuildConfiguration;
			buildSettings = {
				ALWAYS_SEARCH_USER_PATHS = NO;
				CLANG_ANALYZER_NONNULL = YES;
				CLANG_ANALYZER_NUMBER_OBJECT_CONVERSION = YES_AGGRESSIVE;
				CLANG_CXX_LANGUAGE_STANDARD = "gnu++17";
				CLANG_CXX_LIBRARY = "libc++";
				CLANG_ENABLE_MODULES = YES;
				CLANG_ENABLE_OBJC_ARC = YES;
				CLANG_ENABLE_OBJC_WEAK = YES;
				CLANG_WARN_BLOCK_CAPTURE_AUTORELEASING = YES;
				CLANG_WARN_BOOL_CONVERSION = YES;
				CLANG_WARN_COMMA = YES;
				CLANG_WARN_CONSTANT_CONVERSION = YES;
				CLANG_WARN_DEPRECATED_OBJC_IMPLEMENTATIONS = YES;
				CLANG_WARN_DIRECT_OBJC_ISA_USAGE = YES_ERROR;
				CLANG_WARN_DOCUMENTATION_COMMENTS = YES;
				CLANG_WARN_EMPTY_BODY = YES;
				CLANG_WARN_ENUM_CONVERSION = YES;
				CLANG_WARN_INFINITE_RECURSION = YES;
				CLANG_WARN_INT_CONVERSION = YES;
				CLANG_WARN_NON_LITERAL_NULL_CONVERSION = YES;
				CLANG_WARN_OBJC_IMPLICIT_RETAIN_SELF = YES;
				CLANG_WARN_OBJC_LITERAL_CONVERSION = YES;
				CLANG_WARN_OBJC_ROOT_CLASS = YES_ERROR;
				CLANG_WARN_QUOTED_INCLUDE_IN_FRAMEWORK_HEADER = YES;
				CLANG_WARN_RANGE_LOOP_ANALYSIS = YES;
				CLANG_WARN_STRICT_PROTOTYPES = YES;
				CLANG_WARN_SUSPICIOUS_MOVE = YES;
				CLANG_WARN_UNGUARDED_AVAILABILITY = YES_AGGRESSIVE;
				CLANG_WARN_UNREACHABLE_CODE = YES;
				CLANG_WARN__DUPLICATE_METHOD_MATCH = YES;
				COPY_PHASE_STRIP = NO;
				DEBUG_INFORMATION_FORMAT = dwarf;
				ENABLE_STRICT_OBJC_MSGSEND = YES;
				ENABLE_TESTABILITY = YES;
				GCC_C_LANGUAGE_STANDARD = gnu11;
				GCC_DYNAMIC_NO_PIC = NO;
				GCC_NO_COMMON_BLOCKS = YES;
				GCC_OPTIMIZATION_LEVEL = 0;
				GCC_PREPROCESSOR_DEFINITIONS = (
					"DEBUG=1",
					"$(inherited)",
				);
				GCC_WARN_64_TO_32_BIT_CONVERSION = YES;
				GCC_WARN_ABOUT_RETURN_TYPE = YES_ERROR;
				GCC_WARN_UNDECLARED_SELECTOR = YES;
				GCC_WARN_UNINITIALIZED_AUTOS = YES_AGGRESSIVE;
				GCC_WARN_UNUSED_FUNCTION = YES;
				GCC_WARN_UNUSED_VARIABLE = YES;
				IPHONEOS_DEPLOYMENT_TARGET = 15.2;
				MTL_ENABLE_DEBUG_INFO = INCLUDE_SOURCE;
				MTL_FAST_MATH = YES;
				ONLY_ACTIVE_ARCH = YES;
				SDKROOT = iphoneos;
				SWIFT_ACTIVE_COMPILATION_CONDITIONS = DEBUG;
				SWIFT_OPTIMIZATION_LEVEL = "-Onone";
			};
			name = Debug;
		};
		BA92D9B428004A76004E22CC /* Release */ = {
			isa = XCBuildConfiguration;
			buildSettings = {
				ALWAYS_SEARCH_USER_PATHS = NO;
				CLANG_ANALYZER_NONNULL = YES;
				CLANG_ANALYZER_NUMBER_OBJECT_CONVERSION = YES_AGGRESSIVE;
				CLANG_CXX_LANGUAGE_STANDARD = "gnu++17";
				CLANG_CXX_LIBRARY = "libc++";
				CLANG_ENABLE_MODULES = YES;
				CLANG_ENABLE_OBJC_ARC = YES;
				CLANG_ENABLE_OBJC_WEAK = YES;
				CLANG_WARN_BLOCK_CAPTURE_AUTORELEASING = YES;
				CLANG_WARN_BOOL_CONVERSION = YES;
				CLANG_WARN_COMMA = YES;
				CLANG_WARN_CONSTANT_CONVERSION = YES;
				CLANG_WARN_DEPRECATED_OBJC_IMPLEMENTATIONS = YES;
				CLANG_WARN_DIRECT_OBJC_ISA_USAGE = YES_ERROR;
				CLANG_WARN_DOCUMENTATION_COMMENTS = YES;
				CLANG_WARN_EMPTY_BODY = YES;
				CLANG_WARN_ENUM_CONVERSION = YES;
				CLANG_WARN_INFINITE_RECURSION = YES;
				CLANG_WARN_INT_CONVERSION = YES;
				CLANG_WARN_NON_LITERAL_NULL_CONVERSION = YES;
				CLANG_WARN_OBJC_IMPLICIT_RETAIN_SELF = YES;
				CLANG_WARN_OBJC_LITERAL_CONVERSION = YES;
				CLANG_WARN_OBJC_ROOT_CLASS = YES_ERROR;
				CLANG_WARN_QUOTED_INCLUDE_IN_FRAMEWORK_HEADER = YES;
				CLANG_WARN_RANGE_LOOP_ANALYSIS = YES;
				CLANG_WARN_STRICT_PROTOTYPES = YES;
				CLANG_WARN_SUSPICIOUS_MOVE = YES;
				CLANG_WARN_UNGUARDED_AVAILABILITY = YES_AGGRESSIVE;
				CLANG_WARN_UNREACHABLE_CODE = YES;
				CLANG_WARN__DUPLICATE_METHOD_MATCH = YES;
				COPY_PHASE_STRIP = NO;
				DEBUG_INFORMATION_FORMAT = "dwarf-with-dsym";
				ENABLE_NS_ASSERTIONS = NO;
				ENABLE_STRICT_OBJC_MSGSEND = YES;
				GCC_C_LANGUAGE_STANDARD = gnu11;
				GCC_NO_COMMON_BLOCKS = YES;
				GCC_WARN_64_TO_32_BIT_CONVERSION = YES;
				GCC_WARN_ABOUT_RETURN_TYPE = YES_ERROR;
				GCC_WARN_UNDECLARED_SELECTOR = YES;
				GCC_WARN_UNINITIALIZED_AUTOS = YES_AGGRESSIVE;
				GCC_WARN_UNUSED_FUNCTION = YES;
				GCC_WARN_UNUSED_VARIABLE = YES;
				IPHONEOS_DEPLOYMENT_TARGET = 15.2;
				MTL_ENABLE_DEBUG_INFO = NO;
				MTL_FAST_MATH = YES;
				SDKROOT = iphoneos;
				SWIFT_COMPILATION_MODE = wholemodule;
				SWIFT_OPTIMIZATION_LEVEL = "-O";
				VALIDATE_PRODUCT = YES;
			};
			name = Release;
		};
		BA92D9B628004A76004E22CC /* Debug */ = {
			isa = XCBuildConfiguration;
			buildSettings = {
				ASSETCATALOG_COMPILER_APPICON_NAME = AppIcon;
				ASSETCATALOG_COMPILER_GLOBAL_ACCENT_COLOR_NAME = AccentColor;
				CODE_SIGN_STYLE = Automatic;
				CURRENT_PROJECT_VERSION = 1;
				DEVELOPMENT_TEAM = 3A8H2GTC36;
				GENERATE_INFOPLIST_FILE = YES;
				INFOPLIST_FILE = "Generic Network Layer App/App/Info.plist";
				INFOPLIST_KEY_UIApplicationSupportsIndirectInputEvents = YES;
				INFOPLIST_KEY_UILaunchStoryboardName = LaunchScreen;
				INFOPLIST_KEY_UIMainStoryboardFile = Main;
				INFOPLIST_KEY_UISupportedInterfaceOrientations_iPad = "UIInterfaceOrientationPortrait UIInterfaceOrientationPortraitUpsideDown UIInterfaceOrientationLandscapeLeft UIInterfaceOrientationLandscapeRight";
				INFOPLIST_KEY_UISupportedInterfaceOrientations_iPhone = "UIInterfaceOrientationPortrait UIInterfaceOrientationLandscapeLeft UIInterfaceOrientationLandscapeRight";
				LD_RUNPATH_SEARCH_PATHS = (
					"$(inherited)",
					"@executable_path/Frameworks",
				);
				MARKETING_VERSION = 1.0;
				PRODUCT_BUNDLE_IDENTIFIER = "com.kadanur.Generic-Network-Layer-App";
				PRODUCT_NAME = "$(TARGET_NAME)";
				SWIFT_EMIT_LOC_STRINGS = YES;
				SWIFT_VERSION = 5.0;
				TARGETED_DEVICE_FAMILY = "1,2";
			};
			name = Debug;
		};
		BA92D9B728004A76004E22CC /* Release */ = {
			isa = XCBuildConfiguration;
			buildSettings = {
				ASSETCATALOG_COMPILER_APPICON_NAME = AppIcon;
				ASSETCATALOG_COMPILER_GLOBAL_ACCENT_COLOR_NAME = AccentColor;
				CODE_SIGN_STYLE = Automatic;
				CURRENT_PROJECT_VERSION = 1;
				DEVELOPMENT_TEAM = 3A8H2GTC36;
				GENERATE_INFOPLIST_FILE = YES;
				INFOPLIST_FILE = "Generic Network Layer App/App/Info.plist";
				INFOPLIST_KEY_UIApplicationSupportsIndirectInputEvents = YES;
				INFOPLIST_KEY_UILaunchStoryboardName = LaunchScreen;
				INFOPLIST_KEY_UIMainStoryboardFile = Main;
				INFOPLIST_KEY_UISupportedInterfaceOrientations_iPad = "UIInterfaceOrientationPortrait UIInterfaceOrientationPortraitUpsideDown UIInterfaceOrientationLandscapeLeft UIInterfaceOrientationLandscapeRight";
				INFOPLIST_KEY_UISupportedInterfaceOrientations_iPhone = "UIInterfaceOrientationPortrait UIInterfaceOrientationLandscapeLeft UIInterfaceOrientationLandscapeRight";
				LD_RUNPATH_SEARCH_PATHS = (
					"$(inherited)",
					"@executable_path/Frameworks",
				);
				MARKETING_VERSION = 1.0;
				PRODUCT_BUNDLE_IDENTIFIER = "com.kadanur.Generic-Network-Layer-App";
				PRODUCT_NAME = "$(TARGET_NAME)";
				SWIFT_EMIT_LOC_STRINGS = YES;
				SWIFT_VERSION = 5.0;
				TARGETED_DEVICE_FAMILY = "1,2";
			};
			name = Release;
		};
/* End XCBuildConfiguration section */

/* Begin XCConfigurationList section */
		BA92D99C28004A75004E22CC /* Build configuration list for PBXProject "Generic Network Layer App" */ = {
			isa = XCConfigurationList;
			buildConfigurations = (
				BA92D9B328004A76004E22CC /* Debug */,
				BA92D9B428004A76004E22CC /* Release */,
			);
			defaultConfigurationIsVisible = 0;
			defaultConfigurationName = Release;
		};
		BA92D9B528004A76004E22CC /* Build configuration list for PBXNativeTarget "Generic Network Layer App" */ = {
			isa = XCConfigurationList;
			buildConfigurations = (
				BA92D9B628004A76004E22CC /* Debug */,
				BA92D9B728004A76004E22CC /* Release */,
			);
			defaultConfigurationIsVisible = 0;
			defaultConfigurationName = Release;
		};
/* End XCConfigurationList section */
	};
	rootObject = BA92D99928004A75004E22CC /* Project object */;
}
